
Microsoft Visual Studio Solution File, Format Version 12.00
# Visual Studio Version 16
VisualStudioVersion = 16.0.33529.622
MinimumVisualStudioVersion = 10.0.40219.1
Project("{FAE04EC0-301F-11D3-BF4B-00C04F79EFBC}") = "BETarjetaCredito", "BETarjetaCredito\BETarjetaCredito.csproj", "{4CDDA2D3-462D-4A02-ABC7-0022797D1E01}"
EndProject
Global
	GlobalSection(SolutionConfigurationPlatforms) = preSolution
		Debug|Any CPU = Debug|Any CPU
		Release|Any CPU = Release|Any CPU
	EndGlobalSection
	GlobalSection(ProjectConfigurationPlatforms) = postSolution
		{4CDDA2D3-462D-4A02-ABC7-0022797D1E01}.Debug|Any CPU.ActiveCfg = Debug|Any CPU
		{4CDDA2D3-462D-4A02-ABC7-0022797D1E01}.Debug|Any CPU.Build.0 = Debug|Any CPU
		{4CDDA2D3-462D-4A02-ABC7-0022797D1E01}.Release|Any CPU.ActiveCfg = Release|Any CPU
		{4CDDA2D3-462D-4A02-ABC7-0022797D1E01}.Release|Any CPU.Build.0 = Release|Any CPU
	EndGlobalSection
	GlobalSection(SolutionProperties) = preSolution
		HideSolutionNode = FALSE
	EndGlobalSection
	GlobalSection(ExtensibilityGlobals) = postSolution
		SolutionGuid = {1721B5D2-5E0F-4100-8296-D65FB6463275}
	EndGlobalSection
EndGlobal
